
Microsoft Visual Studio Solution File, Format Version 10.00
# Visual Studio 2008
Project("{FAE04EC0-301F-11D3-BF4B-00C04F79EFBC}") = "Jedzia.BackBock.SharedTypes", "Jedzia.BackBock.SharedTypes\Jedzia.BackBock.SharedTypes.csproj", "{5033C48F-59BF-4E59-B76B-C61F2BC02F19}"
EndProject
Project("{FAE04EC0-301F-11D3-BF4B-00C04F79EFBC}") = "Jedzia.BackBock.Tasks", "Jedzia.BackBock.Tasks\Jedzia.BackBock.Tasks.csproj", "{07B3FA8E-2DF4-4F3C-A060-E919EB9D3C98}"
EndProject
Project("{FAE04EC0-301F-11D3-BF4B-00C04F79EFBC}") = "Jedzia.BackBock.TaskTester", "Jedzia.BackBock.TaskTester\Jedzia.BackBock.TaskTester.csproj", "{24CD926E-660C-433C-89EC-CD88E300825E}"
EndProject
Project("{FAE04EC0-301F-11D3-BF4B-00C04F79EFBC}") = "Jedzia.BackBock.Tasks.Tests", "Jedzia.BackBock.Tasks.Tests\Jedzia.BackBock.Tasks.Tests.csproj", "{FFB64E8B-79EB-4996-870B-5620143B5E50}"
EndProject
Global
	GlobalSection(SolutionConfigurationPlatforms) = preSolution
		Debug|Any CPU = Debug|Any CPU
		Part1|Any CPU = Part1|Any CPU
		Release|Any CPU = Release|Any CPU
	EndGlobalSection
	GlobalSection(ProjectConfigurationPlatforms) = postSolution
		{5033C48F-59BF-4E59-B76B-C61F2BC02F19}.Debug|Any CPU.ActiveCfg = Debug|Any CPU
		{5033C48F-59BF-4E59-B76B-C61F2BC02F19}.Debug|Any CPU.Build.0 = Debug|Any CPU
		{5033C48F-59BF-4E59-B76B-C61F2BC02F19}.Part1|Any CPU.ActiveCfg = Release|Any CPU
		{5033C48F-59BF-4E59-B76B-C61F2BC02F19}.Part1|Any CPU.Build.0 = Release|Any CPU
		{5033C48F-59BF-4E59-B76B-C61F2BC02F19}.Release|Any CPU.ActiveCfg = Release|Any CPU
		{5033C48F-59BF-4E59-B76B-C61F2BC02F19}.Release|Any CPU.Build.0 = Release|Any CPU
		{07B3FA8E-2DF4-4F3C-A060-E919EB9D3C98}.Debug|Any CPU.ActiveCfg = Debug|Any CPU
		{07B3FA8E-2DF4-4F3C-A060-E919EB9D3C98}.Debug|Any CPU.Build.0 = Debug|Any CPU
		{07B3FA8E-2DF4-4F3C-A060-E919EB9D3C98}.Part1|Any CPU.ActiveCfg = Release|Any CPU
		{07B3FA8E-2DF4-4F3C-A060-E919EB9D3C98}.Part1|Any CPU.Build.0 = Release|Any CPU
		{07B3FA8E-2DF4-4F3C-A060-E919EB9D3C98}.Release|Any CPU.ActiveCfg = Release|Any CPU
		{07B3FA8E-2DF4-4F3C-A060-E919EB9D3C98}.Release|Any CPU.Build.0 = Release|Any CPU
		{24CD926E-660C-433C-89EC-CD88E300825E}.Debug|Any CPU.ActiveCfg = Debug|Any CPU
		{24CD926E-660C-433C-89EC-CD88E300825E}.Debug|Any CPU.Build.0 = Debug|Any CPU
		{24CD926E-660C-433C-89EC-CD88E300825E}.Part1|Any CPU.ActiveCfg = Release|Any CPU
		{24CD926E-660C-433C-89EC-CD88E300825E}.Part1|Any CPU.Build.0 = Release|Any CPU
		{24CD926E-660C-433C-89EC-CD88E300825E}.Release|Any CPU.ActiveCfg = Release|Any CPU
		{24CD926E-660C-433C-89EC-CD88E300825E}.Release|Any CPU.Build.0 = Release|Any CPU
		{FFB64E8B-79EB-4996-870B-5620143B5E50}.Debug|Any CPU.ActiveCfg = Debug|Any CPU
		{FFB64E8B-79EB-4996-870B-5620143B5E50}.Debug|Any CPU.Build.0 = Debug|Any CPU
		{FFB64E8B-79EB-4996-870B-5620143B5E50}.Part1|Any CPU.ActiveCfg = Release|Any CPU
		{FFB64E8B-79EB-4996-870B-5620143B5E50}.Part1|Any CPU.Build.0 = Release|Any CPU
		{FFB64E8B-79EB-4996-870B-5620143B5E50}.Release|Any CPU.ActiveCfg = Release|Any CPU
		{FFB64E8B-79EB-4996-870B-5620143B5E50}.Release|Any CPU.Build.0 = Release|Any CPU
	EndGlobalSection
	GlobalSection(SolutionProperties) = preSolution
		HideSolutionNode = FALSE
	EndGlobalSection
EndGlobal
