
Microsoft Visual Studio Solution File, Format Version 11.00
# Visual Studio 2010
Project("{FAE04EC0-301F-11D3-BF4B-00C04F79EFBC}") = "Jedzia.BackBock.CustomControls", "Jedzia.BackBock.CustomControls\Jedzia.BackBock.CustomControls.csproj", "{CC8CBF4D-23EA-4DBC-80AF-8AAAF6407328}"
EndProject
Project("{FAE04EC0-301F-11D3-BF4B-00C04F79EFBC}") = "Jedzia.BackBock.CustomControls.Design", "Jedzia.BackBock.CustomControls.Design\Jedzia.BackBock.CustomControls.Design.csproj", "{AF63C559-BCEF-43E9-83A7-A8E8E9DC2724}"
EndProject
Project("{FAE04EC0-301F-11D3-BF4B-00C04F79EFBC}") = "Jedzia.BackBock.CustomControlsTester", "Jedzia.BackBock.CustomControlsTester\Jedzia.BackBock.CustomControlsTester.csproj", "{D66B42DD-CF85-42D8-A968-E774706F4864}"
EndProject
Global
	GlobalSection(SolutionConfigurationPlatforms) = preSolution
		Debug|Any CPU = Debug|Any CPU
		Release|Any CPU = Release|Any CPU
	EndGlobalSection
	GlobalSection(ProjectConfigurationPlatforms) = postSolution
		{CC8CBF4D-23EA-4DBC-80AF-8AAAF6407328}.Debug|Any CPU.ActiveCfg = Debug|Any CPU
		{CC8CBF4D-23EA-4DBC-80AF-8AAAF6407328}.Debug|Any CPU.Build.0 = Debug|Any CPU
		{CC8CBF4D-23EA-4DBC-80AF-8AAAF6407328}.Release|Any CPU.ActiveCfg = Release|Any CPU
		{CC8CBF4D-23EA-4DBC-80AF-8AAAF6407328}.Release|Any CPU.Build.0 = Release|Any CPU
		{AF63C559-BCEF-43E9-83A7-A8E8E9DC2724}.Debug|Any CPU.ActiveCfg = Debug|Any CPU
		{AF63C559-BCEF-43E9-83A7-A8E8E9DC2724}.Debug|Any CPU.Build.0 = Debug|Any CPU
		{AF63C559-BCEF-43E9-83A7-A8E8E9DC2724}.Release|Any CPU.ActiveCfg = Release|Any CPU
		{AF63C559-BCEF-43E9-83A7-A8E8E9DC2724}.Release|Any CPU.Build.0 = Release|Any CPU
		{D66B42DD-CF85-42D8-A968-E774706F4864}.Debug|Any CPU.ActiveCfg = Debug|Any CPU
		{D66B42DD-CF85-42D8-A968-E774706F4864}.Debug|Any CPU.Build.0 = Debug|Any CPU
		{D66B42DD-CF85-42D8-A968-E774706F4864}.Release|Any CPU.ActiveCfg = Release|Any CPU
		{D66B42DD-CF85-42D8-A968-E774706F4864}.Release|Any CPU.Build.0 = Release|Any CPU
	EndGlobalSection
	GlobalSection(SolutionProperties) = preSolution
		HideSolutionNode = FALSE
	EndGlobalSection
EndGlobal
