Microsoft Visual Studio Solution File, Format Version 10.00
# Visual Studio 2008
Project("{FAE04EC0-301F-11D3-BF4B-00C04F79EFBC}") = "StateMachineTesting", "StateMachineTesting\StateMachineTesting.csproj", "{D055EBE4-4FC2-4FA7-94B8-D9C1E8ACE9DF}"
EndProject
Project("{FAE04EC0-301F-11D3-BF4B-00C04F79EFBC}") = "Jedzia.BackBock.StateMachine", "Jedzia.BackBock.StateMachine\Jedzia.BackBock.StateMachine.csproj", "{78372117-0136-48E0-9EB3-922D62672295}"
EndProject
Project("{FAE04EC0-301F-11D3-BF4B-00C04F79EFBC}") = "Stateless", "Stateless\Stateless.csproj", "{F7BF45FF-D914-4494-9F4C-0039428FAAE9}"
EndProject
Project("{FAE04EC0-301F-11D3-BF4B-00C04F79EFBC}") = "Stateless.Tests", "Stateless.Tests\Stateless.Tests.csproj", "{70AD8860-1F5E-4F78-9276-CAD498EDDF73}"
EndProject
Global
	GlobalSection(SolutionConfigurationPlatforms) = preSolution
		Debug|Any CPU = Debug|Any CPU
		Release|Any CPU = Release|Any CPU
	EndGlobalSection
	GlobalSection(ProjectConfigurationPlatforms) = postSolution
		{D055EBE4-4FC2-4FA7-94B8-D9C1E8ACE9DF}.Debug|Any CPU.ActiveCfg = Debug|Any CPU
		{D055EBE4-4FC2-4FA7-94B8-D9C1E8ACE9DF}.Debug|Any CPU.Build.0 = Debug|Any CPU
		{D055EBE4-4FC2-4FA7-94B8-D9C1E8ACE9DF}.Release|Any CPU.ActiveCfg = Release|Any CPU
		{D055EBE4-4FC2-4FA7-94B8-D9C1E8ACE9DF}.Release|Any CPU.Build.0 = Release|Any CPU
		{78372117-0136-48E0-9EB3-922D62672295}.Debug|Any CPU.ActiveCfg = Debug|Any CPU
		{78372117-0136-48E0-9EB3-922D62672295}.Debug|Any CPU.Build.0 = Debug|Any CPU
		{78372117-0136-48E0-9EB3-922D62672295}.Release|Any CPU.ActiveCfg = Release|Any CPU
		{78372117-0136-48E0-9EB3-922D62672295}.Release|Any CPU.Build.0 = Release|Any CPU
		{F7BF45FF-D914-4494-9F4C-0039428FAAE9}.Debug|Any CPU.ActiveCfg = Debug|Any CPU
		{F7BF45FF-D914-4494-9F4C-0039428FAAE9}.Debug|Any CPU.Build.0 = Debug|Any CPU
		{F7BF45FF-D914-4494-9F4C-0039428FAAE9}.Release|Any CPU.ActiveCfg = Release|Any CPU
		{F7BF45FF-D914-4494-9F4C-0039428FAAE9}.Release|Any CPU.Build.0 = Release|Any CPU
		{70AD8860-1F5E-4F78-9276-CAD498EDDF73}.Debug|Any CPU.ActiveCfg = Debug|Any CPU
		{70AD8860-1F5E-4F78-9276-CAD498EDDF73}.Debug|Any CPU.Build.0 = Debug|Any CPU
		{70AD8860-1F5E-4F78-9276-CAD498EDDF73}.Release|Any CPU.ActiveCfg = Release|Any CPU
		{70AD8860-1F5E-4F78-9276-CAD498EDDF73}.Release|Any CPU.Build.0 = Release|Any CPU
	EndGlobalSection
	GlobalSection(SolutionProperties) = preSolution
		HideSolutionNode = FALSE
	EndGlobalSection
EndGlobal
